
Microsoft Visual Studio Solution File, Format Version 12.00
# Visual Studio Version 17
VisualStudioVersion = 17.7.34031.279
MinimumVisualStudioVersion = 10.0.40219.1
Project("{FAE04EC0-301F-11D3-BF4B-00C04F79EFBC}") = "TestHomeGit", "TestHomeGit\TestHomeGit.csproj", "{BD299755-8290-452B-AA17-AEBE9369F5FD}"
EndProject
Global
	GlobalSection(SolutionConfigurationPlatforms) = preSolution
		Debug|Any CPU = Debug|Any CPU
		Release|Any CPU = Release|Any CPU
	EndGlobalSection
	GlobalSection(ProjectConfigurationPlatforms) = postSolution
		{BD299755-8290-452B-AA17-AEBE9369F5FD}.Debug|Any CPU.ActiveCfg = Debug|Any CPU
		{BD299755-8290-452B-AA17-AEBE9369F5FD}.Debug|Any CPU.Build.0 = Debug|Any CPU
		{BD299755-8290-452B-AA17-AEBE9369F5FD}.Release|Any CPU.ActiveCfg = Release|Any CPU
		{BD299755-8290-452B-AA17-AEBE9369F5FD}.Release|Any CPU.Build.0 = Release|Any CPU
	EndGlobalSection
	GlobalSection(SolutionProperties) = preSolution
		HideSolutionNode = FALSE
	EndGlobalSection
	GlobalSection(ExtensibilityGlobals) = postSolution
		SolutionGuid = {6B51D1A3-4259-4C75-BEB6-BB2E3C600710}
	EndGlobalSection
EndGlobal
